{
    "name": "hamkaran-caller",
    "version": "1.0.0",
    "lockfileVersion": 3,
    "requires": true,
    "packages": {
        "": {
            "name": "hamkaran-caller",
            "version": "1.0.0",
            "dependencies": {
                "read-excel-file": "9.1.0"
            },
            "engines": {
                "node": ">=18.0.0"
            }
        },
        "node_modules/@xmldom/xmldom": {
            "version": "0.9.12",
            "resolved": "https://registry.npmjs.org/@xmldom/xmldom/-/xmldom-0.9.12.tgz",
            "integrity": "sha512-5AXjrcMClTryPe9LgZrygpB1lj7s0S9E0+W+AHaVKAVyHanafK86iPSvG5xHVSp/jC+VH1UXu0TAEmY279xH7A==",
            "license": "MIT",
            "engines": {
                "node": ">=14.6"
            }
        },
        "node_modules/fflate": {
            "version": "0.8.3",
            "resolved": "https://registry.npmjs.org/fflate/-/fflate-0.8.3.tgz",
            "integrity": "sha512-tbZNuJrLwGUp3zshBtdy4W+ORxZuIh8a5ilyIEQDC5rY1f3U20JMry0Ll3WBzU58EZKsEuJFXhb5gwv8CsPvgA==",
            "license": "MIT"
        },
        "node_modules/read-excel-file": {
            "version": "9.1.0",
            "resolved": "https://registry.npmjs.org/read-excel-file/-/read-excel-file-9.1.0.tgz",
            "integrity": "sha512-yZfHV16Kio8H+R0zyCnu8O8RA5CweJ4K3rLNNAew7OFF7o0dwbqdperfrE5Fqn3pMUVNLb1vfkxj3EmiLtImCw==",
            "license": "MIT",
            "dependencies": {
                "@xmldom/xmldom": "^0.9.10",
                "fflate": "^0.8.3"
            },
            "engines": {
                "node": ">=18"
            }
        }
    }
}
